// !$*UTF8*$!
{
	archiveVersion = 1;
	classes = {
	};
	objectVersion = 46;
	objects = {

/* Begin PBXBuildFile section */
		08C50B111CD233DE00D3596B /* MBProgressHUD+Add.m in Sources */ = {isa = PBXBuildFile; fileRef = 08C50B0D1CD233DE00D3596B /* MBProgressHUD+Add.m */; };
		08C50B121CD233DE00D3596B /* MBProgressHUD.bundle in Resources */ = {isa = PBXBuildFile; fileRef = 08C50B0E1CD233DE00D3596B /* MBProgressHUD.bundle */; };
		08C50B131CD233DE00D3596B /* MBProgressHUD.m in Sources */ = {isa = PBXBuildFile; fileRef = 08C50B101CD233DE00D3596B /* MBProgressHUD.m */; };
		08C50B1C1CD236A100D3596B /* XGNotesController.m in Sources */ = {isa = PBXBuildFile; fileRef = 08C50B1A1CD236A100D3596B /* XGNotesController.m */; };
		08C50B1D1CD236A100D3596B /* XGNotesController.xib in Resources */ = {isa = PBXBuildFile; fileRef = 08C50B1B1CD236A100D3596B /* XGNotesController.xib */; };
		08C50B201CD2378E00D3596B /* XGTextView.m in Sources */ = {isa = PBXBuildFile; fileRef = 08C50B1F1CD2378E00D3596B /* XGTextView.m */; };
		08C50B231CD2383E00D3596B /* XGNotesStore.m in Sources */ = {isa = PBXBuildFile; fileRef = 08C50B221CD2383E00D3596B /* XGNotesStore.m */; };
		08C50B261CD238F900D3596B /* XGNotesDataModel.m in Sources */ = {isa = PBXBuildFile; fileRef = 08C50B251CD238F900D3596B /* XGNotesDataModel.m */; };
		08C50B291CD23C6600D3596B /* XGHtmlParser.m in Sources */ = {isa = PBXBuildFile; fileRef = 08C50B281CD23C6600D3596B /* XGHtmlParser.m */; };
		08C50B2C1CD23D6300D3596B /* XGHtmlBuilder.m in Sources */ = {isa = PBXBuildFile; fileRef = 08C50B2B1CD23D6300D3596B /* XGHtmlBuilder.m */; };
		08E97B4F1CD1E6ED0031945C /* main.m in Sources */ = {isa = PBXBuildFile; fileRef = 08E97B4E1CD1E6ED0031945C /* main.m */; };
		08E97B521CD1E6ED0031945C /* AppDelegate.m in Sources */ = {isa = PBXBuildFile; fileRef = 08E97B511CD1E6ED0031945C /* AppDelegate.m */; };
		08E97B5A1CD1E6ED0031945C /* Assets.xcassets in Resources */ = {isa = PBXBuildFile; fileRef = 08E97B591CD1E6ED0031945C /* Assets.xcassets */; };
		08E97B681CD1E6EE0031945C /* XG_NotesTests.m in Sources */ = {isa = PBXBuildFile; fileRef = 08E97B671CD1E6EE0031945C /* XG_NotesTests.m */; };
		08E97B731CD1E6EE0031945C /* XG_NotesUITests.m in Sources */ = {isa = PBXBuildFile; fileRef = 08E97B721CD1E6EE0031945C /* XG_NotesUITests.m */; };
		08E97B9C1CD1F3F40031945C /* MainPageCell.m in Sources */ = {isa = PBXBuildFile; fileRef = 08E97B971CD1F3F40031945C /* MainPageCell.m */; };
		08E97B9D1CD1F3F40031945C /* MainPageCell.xib in Resources */ = {isa = PBXBuildFile; fileRef = 08E97B981CD1F3F40031945C /* MainPageCell.xib */; };
		08E97B9E1CD1F3F40031945C /* MainPageController.m in Sources */ = {isa = PBXBuildFile; fileRef = 08E97B9A1CD1F3F40031945C /* MainPageController.m */; };
		08E97B9F1CD1F3F40031945C /* MainPageController.xib in Resources */ = {isa = PBXBuildFile; fileRef = 08E97B9B1CD1F3F40031945C /* MainPageController.xib */; };
		08E97BA31CD1F6DC0031945C /* XGUtils.m in Sources */ = {isa = PBXBuildFile; fileRef = 08E97BA21CD1F6DC0031945C /* XGUtils.m */; };
		08E9C4041CD1FDB500D9C055 /* maincell_back@2x.png in Resources */ = {isa = PBXBuildFile; fileRef = 08E9C4031CD1FDB500D9C055 /* maincell_back@2x.png */; };
		08E9C41F1CD200E500D9C055 /* NSTextAttachmentURL.m in Sources */ = {isa = PBXBuildFile; fileRef = 08E9C4091CD200E500D9C055 /* NSTextAttachmentURL.m */; };
		08E9C4331CD2047E00D9C055 /* TMCache.m in Sources */ = {isa = PBXBuildFile; fileRef = 08E9C42D1CD2047E00D9C055 /* TMCache.m */; };
		08E9C4341CD2047E00D9C055 /* TMDiskCache.m in Sources */ = {isa = PBXBuildFile; fileRef = 08E9C4301CD2047E00D9C055 /* TMDiskCache.m */; };
		08E9C4351CD2047E00D9C055 /* TMMemoryCache.m in Sources */ = {isa = PBXBuildFile; fileRef = 08E9C4321CD2047E00D9C055 /* TMMemoryCache.m */; };
		08E9C45F1CD2048900D9C055 /* MKAnnotationView+WebCache.m in Sources */ = {isa = PBXBuildFile; fileRef = 08E9C4381CD2048900D9C055 /* MKAnnotationView+WebCache.m */; };
		08E9C4601CD2048900D9C055 /* NSData+GIF.m in Sources */ = {isa = PBXBuildFile; fileRef = 08E9C43A1CD2048900D9C055 /* NSData+GIF.m */; };
		08E9C4611CD2048900D9C055 /* NSData+ImageContentType.m in Sources */ = {isa = PBXBuildFile; fileRef = 08E9C43C1CD2048900D9C055 /* NSData+ImageContentType.m */; };
		08E9C4621CD2048900D9C055 /* SDImageCache.m in Sources */ = {isa = PBXBuildFile; fileRef = 08E9C43E1CD2048900D9C055 /* SDImageCache.m */; };
		08E9C4631CD2048900D9C055 /* SDWebImageCompat.m in Sources */ = {isa = PBXBuildFile; fileRef = 08E9C4401CD2048900D9C055 /* SDWebImageCompat.m */; };
		08E9C4641CD2048900D9C055 /* SDWebImageDecoder.m in Sources */ = {isa = PBXBuildFile; fileRef = 08E9C4421CD2048900D9C055 /* SDWebImageDecoder.m */; };
		08E9C4651CD2048900D9C055 /* SDWebImageDownloader.m in Sources */ = {isa = PBXBuildFile; fileRef = 08E9C4441CD2048900D9C055 /* SDWebImageDownloader.m */; };
		08E9C4661CD2048900D9C055 /* SDWebImageDownloaderOperation.m in Sources */ = {isa = PBXBuildFile; fileRef = 08E9C4461CD2048900D9C055 /* SDWebImageDownloaderOperation.m */; };
		08E9C4671CD2048900D9C055 /* SDWebImageManager+MJ.m in Sources */ = {isa = PBXBuildFile; fileRef = 08E9C4481CD2048900D9C055 /* SDWebImageManager+MJ.m */; };
		08E9C4681CD2048900D9C055 /* SDWebImageManager.m in Sources */ = {isa = PBXBuildFile; fileRef = 08E9C44A1CD2048900D9C055 /* SDWebImageManager.m */; };
		08E9C4691CD2048900D9C055 /* SDWebImagePrefetcher.m in Sources */ = {isa = PBXBuildFile; fileRef = 08E9C44D1CD2048900D9C055 /* SDWebImagePrefetcher.m */; };
		08E9C46A1CD2048900D9C055 /* UIButton+WebCache.m in Sources */ = {isa = PBXBuildFile; fileRef = 08E9C44F1CD2048900D9C055 /* UIButton+WebCache.m */; };
		08E9C46B1CD2048900D9C055 /* UIImage+GIF.m in Sources */ = {isa = PBXBuildFile; fileRef = 08E9C4511CD2048900D9C055 /* UIImage+GIF.m */; };
		08E9C46C1CD2048900D9C055 /* UIImage+MultiFormat.m in Sources */ = {isa = PBXBuildFile; fileRef = 08E9C4531CD2048900D9C055 /* UIImage+MultiFormat.m */; };
		08E9C46D1CD2048900D9C055 /* UIImage+WebP.m in Sources */ = {isa = PBXBuildFile; fileRef = 08E9C4551CD2048900D9C055 /* UIImage+WebP.m */; };
		08E9C46E1CD2048900D9C055 /* UIImageView+HighlightedWebCache.m in Sources */ = {isa = PBXBuildFile; fileRef = 08E9C4571CD2048900D9C055 /* UIImageView+HighlightedWebCache.m */; };
		08E9C46F1CD2048900D9C055 /* UIImageView+MJWebCache.m in Sources */ = {isa = PBXBuildFile; fileRef = 08E9C4591CD2048900D9C055 /* UIImageView+MJWebCache.m */; };
		08E9C4701CD2048900D9C055 /* UIImageView+WebCache.m in Sources */ = {isa = PBXBuildFile; fileRef = 08E9C45B1CD2048900D9C055 /* UIImageView+WebCache.m */; };
		08E9C4711CD2048900D9C055 /* UIView+WebCacheOperation.m in Sources */ = {isa = PBXBuildFile; fileRef = 08E9C45D1CD2048900D9C055 /* UIView+WebCacheOperation.m */; };
		08E9C4721CD2048900D9C055 /* WebP.framework in Frameworks */ = {isa = PBXBuildFile; fileRef = 08E9C45E1CD2048900D9C055 /* WebP.framework */; };
		08E9C47B1CD2077B00D9C055 /* HTMLNode.m in Sources */ = {isa = PBXBuildFile; fileRef = 08E9C4781CD2077B00D9C055 /* HTMLNode.m */; };
		08E9C47C1CD2077B00D9C055 /* HTMLParser.m in Sources */ = {isa = PBXBuildFile; fileRef = 08E9C47A1CD2077B00D9C055 /* HTMLParser.m */; };
		08E9C47E1CD207B700D9C055 /* libxml2.tbd in Frameworks */ = {isa = PBXBuildFile; fileRef = 08E9C47D1CD207B700D9C055 /* libxml2.tbd */; };
		08E9C4801CD207DE00D9C055 /* libxml2.2.tbd in Frameworks */ = {isa = PBXBuildFile; fileRef = 08E9C47F1CD207DE00D9C055 /* libxml2.2.tbd */; };
		08E9C4821CD2082E00D9C055 /* UIKit.framework in Frameworks */ = {isa = PBXBuildFile; fileRef = 08E9C4811CD2082E00D9C055 /* UIKit.framework */; };
		08E9C4841CD2085600D9C055 /* CoreData.framework in Frameworks */ = {isa = PBXBuildFile; fileRef = 08E9C4831CD2085600D9C055 /* CoreData.framework */; };
		08E9C4861CD2085B00D9C055 /* CoreText.framework in Frameworks */ = {isa = PBXBuildFile; fileRef = 08E9C4851CD2085B00D9C055 /* CoreText.framework */; };
		08E9C4881CD2086A00D9C055 /* ImageIO.framework in Frameworks */ = {isa = PBXBuildFile; fileRef = 08E9C4871CD2086A00D9C055 /* ImageIO.framework */; };
		08E9C48A1CD2088600D9C055 /* Foundation.framework in Frameworks */ = {isa = PBXBuildFile; fileRef = 08E9C4891CD2088600D9C055 /* Foundation.framework */; };
/* End PBXBuildFile section */

/* Begin PBXContainerItemProxy section */
		08E97B641CD1E6EE0031945C /* PBXContainerItemProxy */ = {
			isa = PBXContainerItemProxy;
			containerPortal = 08E97B421CD1E6ED0031945C /* Project object */;
			proxyType = 1;
			remoteGlobalIDString = 08E97B491CD1E6ED0031945C;
			remoteInfo = XG_Notes;
		};
		08E97B6F1CD1E6EE0031945C /* PBXContainerItemProxy */ = {
			isa = PBXContainerItemProxy;
			containerPortal = 08E97B421CD1E6ED0031945C /* Project object */;
			proxyType = 1;
			remoteGlobalIDString = 08E97B491CD1E6ED0031945C;
			remoteInfo = XG_Notes;
		};
/* End PBXContainerItemProxy section */

/* Begin PBXFileReference section */
		08C50B0C1CD233DE00D3596B /* MBProgressHUD+Add.h */ = {isa = PBXFileReference; fileEncoding = 4; lastKnownFileType = sourcecode.c.h; path = "MBProgressHUD+Add.h"; sourceTree = "<group>"; };
		08C50B0D1CD233DE00D3596B /* MBProgressHUD+Add.m */ = {isa = PBXFileReference; fileEncoding = 4; lastKnownFileType = sourcecode.c.objc; path = "MBProgressHUD+Add.m"; sourceTree = "<group>"; };
		08C50B0E1CD233DE00D3596B /* MBProgressHUD.bundle */ = {isa = PBXFileReference; lastKnownFileType = "wrapper.plug-in"; path = MBProgressHUD.bundle; sourceTree = "<group>"; };
		08C50B0F1CD233DE00D3596B /* MBProgressHUD.h */ = {isa = PBXFileReference; fileEncoding = 4; lastKnownFileType = sourcecode.c.h; path = MBProgressHUD.h; sourceTree = "<group>"; };
		08C50B101CD233DE00D3596B /* MBProgressHUD.m */ = {isa = PBXFileReference; fileEncoding = 4; lastKnownFileType = sourcecode.c.objc; path = MBProgressHUD.m; sourceTree = "<group>"; };
		08C50B191CD236A100D3596B /* XGNotesController.h */ = {isa = PBXFileReference; fileEncoding = 4; lastKnownFileType = sourcecode.c.h; path = XGNotesController.h; sourceTree = "<group>"; };
		08C50B1A1CD236A100D3596B /* XGNotesController.m */ = {isa = PBXFileReference; fileEncoding = 4; lastKnownFileType = sourcecode.c.objc; path = XGNotesController.m; sourceTree = "<group>"; };
		08C50B1B1CD236A100D3596B /* XGNotesController.xib */ = {isa = PBXFileReference; fileEncoding = 4; lastKnownFileType = file.xib; path = XGNotesController.xib; sourceTree = "<group>"; };
		08C50B1E1CD2378E00D3596B /* XGTextView.h */ = {isa = PBXFileReference; fileEncoding = 4; lastKnownFileType = sourcecode.c.h; name = XGTextView.h; path = XG_Notes/Classes/XG_Notes/XGTextView.h; sourceTree = SOURCE_ROOT; };
		08C50B1F1CD2378E00D3596B /* XGTextView.m */ = {isa = PBXFileReference; fileEncoding = 4; lastKnownFileType = sourcecode.c.objc; name = XGTextView.m; path = XG_Notes/Classes/XG_Notes/XGTextView.m; sourceTree = SOURCE_ROOT; };
		08C50B211CD2383E00D3596B /* XGNotesStore.h */ = {isa = PBXFileReference; fileEncoding = 4; lastKnownFileType = sourcecode.c.h; path = XGNotesStore.h; sourceTree = "<group>"; };
		08C50B221CD2383E00D3596B /* XGNotesStore.m */ = {isa = PBXFileReference; fileEncoding = 4; lastKnownFileType = sourcecode.c.objc; path = XGNotesStore.m; sourceTree = "<group>"; };
		08C50B241CD238F900D3596B /* XGNotesDataModel.h */ = {isa = PBXFileReference; fileEncoding = 4; lastKnownFileType = sourcecode.c.h; path = XGNotesDataModel.h; sourceTree = "<group>"; };
		08C50B251CD238F900D3596B /* XGNotesDataModel.m */ = {isa = PBXFileReference; fileEncoding = 4; lastKnownFileType = sourcecode.c.objc; path = XGNotesDataModel.m; sourceTree = "<group>"; };
		08C50B271CD23C6600D3596B /* XGHtmlParser.h */ = {isa = PBXFileReference; fileEncoding = 4; lastKnownFileType = sourcecode.c.h; path = XGHtmlParser.h; sourceTree = "<group>"; };
		08C50B281CD23C6600D3596B /* XGHtmlParser.m */ = {isa = PBXFileReference; fileEncoding = 4; lastKnownFileType = sourcecode.c.objc; path = XGHtmlParser.m; sourceTree = "<group>"; };
		08C50B2A1CD23D6300D3596B /* XGHtmlBuilder.h */ = {isa = PBXFileReference; fileEncoding = 4; lastKnownFileType = sourcecode.c.h; path = XGHtmlBuilder.h; sourceTree = "<group>"; };
		08C50B2B1CD23D6300D3596B /* XGHtmlBuilder.m */ = {isa = PBXFileReference; fileEncoding = 4; lastKnownFileType = sourcecode.c.objc; path = XGHtmlBuilder.m; sourceTree = "<group>"; };
		08E97B4A1CD1E6ED0031945C /* XG_Notes.app */ = {isa = PBXFileReference; explicitFileType = wrapper.application; includeInIndex = 0; path = XG_Notes.app; sourceTree = BUILT_PRODUCTS_DIR; };
		08E97B4E1CD1E6ED0031945C /* main.m */ = {isa = PBXFileReference; lastKnownFileType = sourcecode.c.objc; path = main.m; sourceTree = "<group>"; };
		08E97B501CD1E6ED0031945C /* AppDelegate.h */ = {isa = PBXFileReference; lastKnownFileType = sourcecode.c.h; path = AppDelegate.h; sourceTree = "<group>"; };
		08E97B511CD1E6ED0031945C /* AppDelegate.m */ = {isa = PBXFileReference; lastKnownFileType = sourcecode.c.objc; path = AppDelegate.m; sourceTree = "<group>"; };
		08E97B591CD1E6ED0031945C /* Assets.xcassets */ = {isa = PBXFileReference; lastKnownFileType = folder.assetcatalog; path = Assets.xcassets; sourceTree = "<group>"; };
		08E97B5E1CD1E6ED0031945C /* Info.plist */ = {isa = PBXFileReference; lastKnownFileType = text.plist.xml; path = Info.plist; sourceTree = "<group>"; };
		08E97B631CD1E6EE0031945C /* XG_NotesTests.xctest */ = {isa = PBXFileReference; explicitFileType = wrapper.cfbundle; includeInIndex = 0; path = XG_NotesTests.xctest; sourceTree = BUILT_PRODUCTS_DIR; };
		08E97B671CD1E6EE0031945C /* XG_NotesTests.m */ = {isa = PBXFileReference; lastKnownFileType = sourcecode.c.objc; path = XG_NotesTests.m; sourceTree = "<group>"; };
		08E97B691CD1E6EE0031945C /* Info.plist */ = {isa = PBXFileReference; lastKnownFileType = text.plist.xml; path = Info.plist; sourceTree = "<group>"; };
		08E97B6E1CD1E6EE0031945C /* XG_NotesUITests.xctest */ = {isa = PBXFileReference; explicitFileType = wrapper.cfbundle; includeInIndex = 0; path = XG_NotesUITests.xctest; sourceTree = BUILT_PRODUCTS_DIR; };
		08E97B721CD1E6EE0031945C /* XG_NotesUITests.m */ = {isa = PBXFileReference; lastKnownFileType = sourcecode.c.objc; path = XG_NotesUITests.m; sourceTree = "<group>"; };
		08E97B741CD1E6EE0031945C /* Info.plist */ = {isa = PBXFileReference; lastKnownFileType = text.plist.xml; path = Info.plist; sourceTree = "<group>"; };
		08E97B961CD1F3F40031945C /* MainPageCell.h */ = {isa = PBXFileReference; fileEncoding = 4; lastKnownFileType = sourcecode.c.h; name = MainPageCell.h; path = Classes/Simplate/MainPageCell.h; sourceTree = "<group>"; };
		08E97B971CD1F3F40031945C /* MainPageCell.m */ = {isa = PBXFileReference; fileEncoding = 4; lastKnownFileType = sourcecode.c.objc; name = MainPageCell.m; path = Classes/Simplate/MainPageCell.m; sourceTree = "<group>"; };
		08E97B981CD1F3F40031945C /* MainPageCell.xib */ = {isa = PBXFileReference; fileEncoding = 4; lastKnownFileType = file.xib; name = MainPageCell.xib; path = Classes/Simplate/MainPageCell.xib; sourceTree = "<group>"; };
		08E97B991CD1F3F40031945C /* MainPageController.h */ = {isa = PBXFileReference; fileEncoding = 4; lastKnownFileType = sourcecode.c.h; name = MainPageController.h; path = Classes/Simplate/MainPageController.h; sourceTree = "<group>"; };
		08E97B9A1CD1F3F40031945C /* MainPageController.m */ = {isa = PBXFileReference; fileEncoding = 4; lastKnownFileType = sourcecode.c.objc; name = MainPageController.m; path = Classes/Simplate/MainPageController.m; sourceTree = "<group>"; };
		08E97B9B1CD1F3F40031945C /* MainPageController.xib */ = {isa = PBXFileReference; fileEncoding = 4; lastKnownFileType = file.xib; name = MainPageController.xib; path = Classes/Simplate/MainPageController.xib; sourceTree = "<group>"; };
		08E97BA11CD1F6DC0031945C /* XGUtils.h */ = {isa = PBXFileReference; fileEncoding = 4; lastKnownFileType = sourcecode.c.h; path = XGUtils.h; sourceTree = "<group>"; };
		08E97BA21CD1F6DC0031945C /* XGUtils.m */ = {isa = PBXFileReference; fileEncoding = 4; lastKnownFileType = sourcecode.c.objc; path = XGUtils.m; sourceTree = "<group>"; };
		08E9C4031CD1FDB500D9C055 /* maincell_back@2x.png */ = {isa = PBXFileReference; lastKnownFileType = image.png; path = "maincell_back@2x.png"; sourceTree = "<group>"; };
		08E9C4081CD200E500D9C055 /* NSTextAttachmentURL.h */ = {isa = PBXFileReference; fileEncoding = 4; lastKnownFileType = sourcecode.c.h; path = NSTextAttachmentURL.h; sourceTree = "<group>"; };
		08E9C4091CD200E500D9C055 /* NSTextAttachmentURL.m */ = {isa = PBXFileReference; fileEncoding = 4; lastKnownFileType = sourcecode.c.objc; path = NSTextAttachmentURL.m; sourceTree = "<group>"; };
		08E9C42C1CD2047E00D9C055 /* TMCache.h */ = {isa = PBXFileReference; fileEncoding = 4; lastKnownFileType = sourcecode.c.h; path = TMCache.h; sourceTree = "<group>"; };
		08E9C42D1CD2047E00D9C055 /* TMCache.m */ = {isa = PBXFileReference; fileEncoding = 4; lastKnownFileType = sourcecode.c.objc; path = TMCache.m; sourceTree = "<group>"; };
		08E9C42E1CD2047E00D9C055 /* TMCacheBackgroundTaskManager.h */ = {isa = PBXFileReference; fileEncoding = 4; lastKnownFileType = sourcecode.c.h; path = TMCacheBackgroundTaskManager.h; sourceTree = "<group>"; };
		08E9C42F1CD2047E00D9C055 /* TMDiskCache.h */ = {isa = PBXFileReference; fileEncoding = 4; lastKnownFileType = sourcecode.c.h; path = TMDiskCache.h; sourceTree = "<group>"; };
		08E9C4301CD2047E00D9C055 /* TMDiskCache.m */ = {isa = PBXFileReference; fileEncoding = 4; lastKnownFileType = sourcecode.c.objc; path = TMDiskCache.m; sourceTree = "<group>"; };
		08E9C4311CD2047E00D9C055 /* TMMemoryCache.h */ = {isa = PBXFileReference; fileEncoding = 4; lastKnownFileType = sourcecode.c.h; path = TMMemoryCache.h; sourceTree = "<group>"; };
		08E9C4321CD2047E00D9C055 /* TMMemoryCache.m */ = {isa = PBXFileReference; fileEncoding = 4; lastKnownFileType = sourcecode.c.objc; path = TMMemoryCache.m; sourceTree = "<group>"; };
		08E9C4371CD2048900D9C055 /* MKAnnotationView+WebCache.h */ = {isa = PBXFileReference; fileEncoding = 4; lastKnownFileType = sourcecode.c.h; path = "MKAnnotationView+WebCache.h"; sourceTree = "<group>"; };
		08E9C4381CD2048900D9C055 /* MKAnnotationView+WebCache.m */ = {isa = PBXFileReference; fileEncoding = 4; lastKnownFileType = sourcecode.c.objc; path = "MKAnnotationView+WebCache.m"; sourceTree = "<group>"; };
		08E9C4391CD2048900D9C055 /* NSData+GIF.h */ = {isa = PBXFileReference; fileEncoding = 4; lastKnownFileType = sourcecode.c.h; path = "NSData+GIF.h"; sourceTree = "<group>"; };
		08E9C43A1CD2048900D9C055 /* NSData+GIF.m */ = {isa = PBXFileReference; fileEncoding = 4; lastKnownFileType = sourcecode.c.objc; path = "NSData+GIF.m"; sourceTree = "<group>"; };
		08E9C43B1CD2048900D9C055 /* NSData+ImageContentType.h */ = {isa = PBXFileReference; fileEncoding = 4; lastKnownFileType = sourcecode.c.h; path = "NSData+ImageContentType.h"; sourceTree = "<group>"; };
		08E9C43C1CD2048900D9C055 /* NSData+ImageContentType.m */ = {isa = PBXFileReference; fileEncoding = 4; lastKnownFileType = sourcecode.c.objc; path = "NSData+ImageContentType.m"; sourceTree = "<group>"; };
		08E9C43D1CD2048900D9C055 /* SDImageCache.h */ = {isa = PBXFileReference; fileEncoding = 4; lastKnownFileType = sourcecode.c.h; path = SDImageCache.h; sourceTree = "<group>"; };
		08E9C43E1CD2048900D9C055 /* SDImageCache.m */ = {isa = PBXFileReference; fileEncoding = 4; lastKnownFileType = sourcecode.c.objc; path = SDImageCache.m; sourceTree = "<group>"; };
		08E9C43F1CD2048900D9C055 /* SDWebImageCompat.h */ = {isa = PBXFileReference; fileEncoding = 4; lastKnownFileType = sourcecode.c.h; path = SDWebImageCompat.h; sourceTree = "<group>"; };
		08E9C4401CD2048900D9C055 /* SDWebImageCompat.m */ = {isa = PBXFileReference; fileEncoding = 4; lastKnownFileType = sourcecode.c.objc; path = SDWebImageCompat.m; sourceTree = "<group>"; };
		08E9C4411CD2048900D9C055 /* SDWebImageDecoder.h */ = {isa = PBXFileReference; fileEncoding = 4; lastKnownFileType = sourcecode.c.h; path = SDWebImageDecoder.h; sourceTree = "<group>"; };
		08E9C4421CD2048900D9C055 /* SDWebImageDecoder.m */ = {isa = PBXFileReference; fileEncoding = 4; lastKnownFileType = sourcecode.c.objc; path = SDWebImageDecoder.m; sourceTree = "<group>"; };
		08E9C4431CD2048900D9C055 /* SDWebImageDownloader.h */ = {isa = PBXFileReference; fileEncoding = 4; lastKnownFileType = sourcecode.c.h; path = SDWebImageDownloader.h; sourceTree = "<group>"; };
		08E9C4441CD2048900D9C055 /* SDWebImageDownloader.m */ = {isa = PBXFileReference; fileEncoding = 4; lastKnownFileType = sourcecode.c.objc; path = SDWebImageDownloader.m; sourceTree = "<group>"; };
		08E9C4451CD2048900D9C055 /* SDWebImageDownloaderOperation.h */ = {isa = PBXFileReference; fileEncoding = 4; lastKnownFileType = sourcecode.c.h; path = SDWebImageDownloaderOperation.h; sourceTree = "<group>"; };
		08E9C4461CD2048900D9C055 /* SDWebImageDownloaderOperation.m */ = {isa = PBXFileReference; fileEncoding = 4; lastKnownFileType = sourcecode.c.objc; path = SDWebImageDownloaderOperation.m; sourceTree = "<group>"; };
		08E9C4471CD2048900D9C055 /* SDWebImageManager+MJ.h */ = {isa = PBXFileReference; fileEncoding = 4; lastKnownFileType = sourcecode.c.h; path = "SDWebImageManager+MJ.h"; sourceTree = "<group>"; };
		08E9C4481CD2048900D9C055 /* SDWebImageManager+MJ.m */ = {isa = PBXFileReference; fileEncoding = 4; lastKnownFileType = sourcecode.c.objc; path = "SDWebImageManager+MJ.m"; sourceTree = "<group>"; };
		08E9C4491CD2048900D9C055 /* SDWebImageManager.h */ = {isa = PBXFileReference; fileEncoding = 4; lastKnownFileType = sourcecode.c.h; path = SDWebImageManager.h; sourceTree = "<group>"; };
		08E9C44A1CD2048900D9C055 /* SDWebImageManager.m */ = {isa = PBXFileReference; fileEncoding = 4; lastKnownFileType = sourcecode.c.objc; path = SDWebImageManager.m; sourceTree = "<group>"; };
		08E9C44B1CD2048900D9C055 /* SDWebImageOperation.h */ = {isa = PBXFileReference; fileEncoding = 4; lastKnownFileType = sourcecode.c.h; path = SDWebImageOperation.h; sourceTree = "<group>"; };
		08E9C44C1CD2048900D9C055 /* SDWebImagePrefetcher.h */ = {isa = PBXFileReference; fileEncoding = 4; lastKnownFileType = sourcecode.c.h; path = SDWebImagePrefetcher.h; sourceTree = "<group>"; };
		08E9C44D1CD2048900D9C055 /* SDWebImagePrefetcher.m */ = {isa = PBXFileReference; fileEncoding = 4; lastKnownFileType = sourcecode.c.objc; path = SDWebImagePrefetcher.m; sourceTree = "<group>"; };
		08E9C44E1CD2048900D9C055 /* UIButton+WebCache.h */ = {isa = PBXFileReference; fileEncoding = 4; lastKnownFileType = sourcecode.c.h; path = "UIButton+WebCache.h"; sourceTree = "<group>"; };
		08E9C44F1CD2048900D9C055 /* UIButton+WebCache.m */ = {isa = PBXFileReference; fileEncoding = 4; lastKnownFileType = sourcecode.c.objc; path = "UIButton+WebCache.m"; sourceTree = "<group>"; };
		08E9C4501CD2048900D9C055 /* UIImage+GIF.h */ = {isa = PBXFileReference; fileEncoding = 4; lastKnownFileType = sourcecode.c.h; path = "UIImage+GIF.h"; sourceTree = "<group>"; };
		08E9C4511CD2048900D9C055 /* UIImage+GIF.m */ = {isa = PBXFileReference; fileEncoding = 4; lastKnownFileType = sourcecode.c.objc; path = "UIImage+GIF.m"; sourceTree = "<group>"; };
		08E9C4521CD2048900D9C055 /* UIImage+MultiFormat.h */ = {isa = PBXFileReference; fileEncoding = 4; lastKnownFileType = sourcecode.c.h; path = "UIImage+MultiFormat.h"; sourceTree = "<group>"; };
		08E9C4531CD2048900D9C055 /* UIImage+MultiFormat.m */ = {isa = PBXFileReference; fileEncoding = 4; lastKnownFileType = sourcecode.c.objc; path = "UIImage+MultiFormat.m"; sourceTree = "<group>"; };
		08E9C4541CD2048900D9C055 /* UIImage+WebP.h */ = {isa = PBXFileReference; fileEncoding = 4; lastKnownFileType = sourcecode.c.h; path = "UIImage+WebP.h"; sourceTree = "<group>"; };
		08E9C4551CD2048900D9C055 /* UIImage+WebP.m */ = {isa = PBXFileReference; fileEncoding = 4; lastKnownFileType = sourcecode.c.objc; path = "UIImage+WebP.m"; sourceTree = "<group>"; };
		08E9C4561CD2048900D9C055 /* UIImageView+HighlightedWebCache.h */ = {isa = PBXFileReference; fileEncoding = 4; lastKnownFileType = sourcecode.c.h; path = "UIImageView+HighlightedWebCache.h"; sourceTree = "<group>"; };
		08E9C4571CD2048900D9C055 /* UIImageView+HighlightedWebCache.m */ = {isa = PBXFileReference; fileEncoding = 4; lastKnownFileType = sourcecode.c.objc; path = "UIImageView+HighlightedWebCache.m"; sourceTree = "<group>"; };
		08E9C4581CD2048900D9C055 /* UIImageView+MJWebCache.h */ = {isa = PBXFileReference; fileEncoding = 4; lastKnownFileType = sourcecode.c.h; path = "UIImageView+MJWebCache.h"; sourceTree = "<group>"; };
		08E9C4591CD2048900D9C055 /* UIImageView+MJWebCache.m */ = {isa = PBXFileReference; fileEncoding = 4; lastKnownFileType = sourcecode.c.objc; path = "UIImageView+MJWebCache.m"; sourceTree = "<group>"; };
		08E9C45A1CD2048900D9C055 /* UIImageView+WebCache.h */ = {isa = PBXFileReference; fileEncoding = 4; lastKnownFileType = sourcecode.c.h; path = "UIImageView+WebCache.h"; sourceTree = "<group>"; };
		08E9C45B1CD2048900D9C055 /* UIImageView+WebCache.m */ = {isa = PBXFileReference; fileEncoding = 4; lastKnownFileType = sourcecode.c.objc; path = "UIImageView+WebCache.m"; sourceTree = "<group>"; };
		08E9C45C1CD2048900D9C055 /* UIView+WebCacheOperation.h */ = {isa = PBXFileReference; fileEncoding = 4; lastKnownFileType = sourcecode.c.h; path = "UIView+WebCacheOperation.h"; sourceTree = "<group>"; };
		08E9C45D1CD2048900D9C055 /* UIView+WebCacheOperation.m */ = {isa = PBXFileReference; fileEncoding = 4; lastKnownFileType = sourcecode.c.objc; path = "UIView+WebCacheOperation.m"; sourceTree = "<group>"; };
		08E9C45E1CD2048900D9C055 /* WebP.framework */ = {isa = PBXFileReference; lastKnownFileType = wrapper.framework; path = WebP.framework; sourceTree = "<group>"; };
		08E9C4771CD2077B00D9C055 /* HTMLNode.h */ = {isa = PBXFileReference; fileEncoding = 4; lastKnownFileType = sourcecode.c.h; path = HTMLNode.h; sourceTree = "<group>"; };
		08E9C4781CD2077B00D9C055 /* HTMLNode.m */ = {isa = PBXFileReference; fileEncoding = 4; lastKnownFileType = sourcecode.c.objc; path = HTMLNode.m; sourceTree = "<group>"; };
		08E9C4791CD2077B00D9C055 /* HTMLParser.h */ = {isa = PBXFileReference; fileEncoding = 4; lastKnownFileType = sourcecode.c.h; path = HTMLParser.h; sourceTree = "<group>"; };
		08E9C47A1CD2077B00D9C055 /* HTMLParser.m */ = {isa = PBXFileReference; fileEncoding = 4; lastKnownFileType = sourcecode.c.objc; path = HTMLParser.m; sourceTree = "<group>"; };
		08E9C47D1CD207B700D9C055 /* libxml2.tbd */ = {isa = PBXFileReference; lastKnownFileType = "sourcecode.text-based-dylib-definition"; name = libxml2.tbd; path = usr/lib/libxml2.tbd; sourceTree = SDKROOT; };
		08E9C47F1CD207DE00D9C055 /* libxml2.2.tbd */ = {isa = PBXFileReference; lastKnownFileType = "sourcecode.text-based-dylib-definition"; name = libxml2.2.tbd; path = usr/lib/libxml2.2.tbd; sourceTree = SDKROOT; };
		08E9C4811CD2082E00D9C055 /* UIKit.framework */ = {isa = PBXFileReference; lastKnownFileType = wrapper.framework; name = UIKit.framework; path = System/Library/Frameworks/UIKit.framework; sourceTree = SDKROOT; };
		08E9C4831CD2085600D9C055 /* CoreData.framework */ = {isa = PBXFileReference; lastKnownFileType = wrapper.framework; name = CoreData.framework; path = System/Library/Frameworks/CoreData.framework; sourceTree = SDKROOT; };
		08E9C4851CD2085B00D9C055 /* CoreText.framework */ = {isa = PBXFileReference; lastKnownFileType = wrapper.framework; name = CoreText.framework; path = System/Library/Frameworks/CoreText.framework; sourceTree = SDKROOT; };
		08E9C4871CD2086A00D9C055 /* ImageIO.framework */ = {isa = PBXFileReference; lastKnownFileType = wrapper.framework; name = ImageIO.framework; path = System/Library/Frameworks/ImageIO.framework; sourceTree = SDKROOT; };
		08E9C4891CD2088600D9C055 /* Foundation.framework */ = {isa = PBXFileReference; lastKnownFileType = wrapper.framework; name = Foundation.framework; path = System/Library/Frameworks/Foundation.framework; sourceTree = SDKROOT; };
/* End PBXFileReference section */

/* Begin PBXFrameworksBuildPhase section */
		08E97B471CD1E6ED0031945C /* Frameworks */ = {
			isa = PBXFrameworksBuildPhase;
			buildActionMask = 2147483647;
			files = (
				08E9C48A1CD2088600D9C055 /* Foundation.framework in Frameworks */,
				08E9C4881CD2086A00D9C055 /* ImageIO.framework in Frameworks */,
				08E9C4861CD2085B00D9C055 /* CoreText.framework in Frameworks */,
				08E9C4841CD2085600D9C055 /* CoreData.framework in Frameworks */,
				08E9C4821CD2082E00D9C055 /* UIKit.framework in Frameworks */,
				08E9C4801CD207DE00D9C055 /* libxml2.2.tbd in Frameworks */,
				08E9C47E1CD207B700D9C055 /* libxml2.tbd in Frameworks */,
				08E9C4721CD2048900D9C055 /* WebP.framework in Frameworks */,
			);
			runOnlyForDeploymentPostprocessing = 0;
		};
		08E97B601CD1E6EE0031945C /* Frameworks */ = {
			isa = PBXFrameworksBuildPhase;
			buildActionMask = 2147483647;
			files = (
			);
			runOnlyForDeploymentPostprocessing = 0;
		};
		08E97B6B1CD1E6EE0031945C /* Frameworks */ = {
			isa = PBXFrameworksBuildPhase;
			buildActionMask = 2147483647;
			files = (
			);
			runOnlyForDeploymentPostprocessing = 0;
		};
/* End PBXFrameworksBuildPhase section */

/* Begin PBXGroup section */
		08C50B0B1CD233DE00D3596B /* MBProgressHUD */ = {
			isa = PBXGroup;
			children = (
				08C50B0C1CD233DE00D3596B /* MBProgressHUD+Add.h */,
				08C50B0D1CD233DE00D3596B /* MBProgressHUD+Add.m */,
				08C50B0E1CD233DE00D3596B /* MBProgressHUD.bundle */,
				08C50B0F1CD233DE00D3596B /* MBProgressHUD.h */,
				08C50B101CD233DE00D3596B /* MBProgressHUD.m */,
			);
			path = MBProgressHUD;
			sourceTree = "<group>";
		};
		08E97B411CD1E6ED0031945C = {
			isa = PBXGroup;
			children = (
				08E9C4891CD2088600D9C055 /* Foundation.framework */,
				08E9C4871CD2086A00D9C055 /* ImageIO.framework */,
				08E9C4851CD2085B00D9C055 /* CoreText.framework */,
				08E9C4831CD2085600D9C055 /* CoreData.framework */,
				08E9C4811CD2082E00D9C055 /* UIKit.framework */,
				08E9C47F1CD207DE00D9C055 /* libxml2.2.tbd */,
				08E9C47D1CD207B700D9C055 /* libxml2.tbd */,
				08E9C42A1CD2046300D9C055 /* Framework */,
				08E97B4C1CD1E6ED0031945C /* XG_Notes */,
				08E97B661CD1E6EE0031945C /* XG_NotesTests */,
				08E97B711CD1E6EE0031945C /* XG_NotesUITests */,
				08E97B4B1CD1E6ED0031945C /* Products */,
			);
			sourceTree = "<group>";
		};
		08E97B4B1CD1E6ED0031945C /* Products */ = {
			isa = PBXGroup;
			children = (
				08E97B4A1CD1E6ED0031945C /* XG_Notes.app */,
				08E97B631CD1E6EE0031945C /* XG_NotesTests.xctest */,
				08E97B6E1CD1E6EE0031945C /* XG_NotesUITests.xctest */,
			);
			name = Products;
			sourceTree = "<group>";
		};
		08E97B4C1CD1E6ED0031945C /* XG_Notes */ = {
			isa = PBXGroup;
			children = (
				08E9C4001CD1FCD200D9C055 /* images */,
				08E97B801CD1E7250031945C /* Classes */,
				08E97B501CD1E6ED0031945C /* AppDelegate.h */,
				08E97B511CD1E6ED0031945C /* AppDelegate.m */,
				08E97B591CD1E6ED0031945C /* Assets.xcassets */,
				08E97B5E1CD1E6ED0031945C /* Info.plist */,
				08E97B4D1CD1E6ED0031945C /* Supporting Files */,
			);
			path = XG_Notes;
			sourceTree = "<group>";
		};
		08E97B4D1CD1E6ED0031945C /* Supporting Files */ = {
			isa = PBXGroup;
			children = (
				08E97B4E1CD1E6ED0031945C /* main.m */,
			);
			name = "Supporting Files";
			sourceTree = "<group>";
		};
		08E97B661CD1E6EE0031945C /* XG_NotesTests */ = {
			isa = PBXGroup;
			children = (
				08E97B671CD1E6EE0031945C /* XG_NotesTests.m */,
				08E97B691CD1E6EE0031945C /* Info.plist */,
			);
			path = XG_NotesTests;
			sourceTree = "<group>";
		};
		08E97B711CD1E6EE0031945C /* XG_NotesUITests */ = {
			isa = PBXGroup;
			children = (
				08E97B721CD1E6EE0031945C /* XG_NotesUITests.m */,
				08E97B741CD1E6EE0031945C /* Info.plist */,
			);
			path = XG_NotesUITests;
			sourceTree = "<group>";
		};
		08E97B801CD1E7250031945C /* Classes */ = {
			isa = PBXGroup;
			children = (
				08E97BA01CD1F40D0031945C /* XG_Notes */,
				08E97B951CD1F3C80031945C /* Simplate */,
			);
			name = Classes;
			sourceTree = "<group>";
		};
		08E97B951CD1F3C80031945C /* Simplate */ = {
			isa = PBXGroup;
			children = (
				08E97B961CD1F3F40031945C /* MainPageCell.h */,
				08E97B971CD1F3F40031945C /* MainPageCell.m */,
				08E97B981CD1F3F40031945C /* MainPageCell.xib */,
				08E97B991CD1F3F40031945C /* MainPageController.h */,
				08E97B9A1CD1F3F40031945C /* MainPageController.m */,
				08E97B9B1CD1F3F40031945C /* MainPageController.xib */,
			);
			name = Simplate;
			sourceTree = "<group>";
		};
		08E97BA01CD1F40D0031945C /* XG_Notes */ = {
			isa = PBXGroup;
			children = (
				08C50B1E1CD2378E00D3596B /* XGTextView.h */,
				08C50B1F1CD2378E00D3596B /* XGTextView.m */,
				08E9C4051CD200E500D9C055 /* HtmlParserAndBuilding */,
				08E9C4131CD200E500D9C055 /* SaveAndRead */,
				08E97BA11CD1F6DC0031945C /* XGUtils.h */,
				08E97BA21CD1F6DC0031945C /* XGUtils.m */,
				08C50B191CD236A100D3596B /* XGNotesController.h */,
				08C50B1A1CD236A100D3596B /* XGNotesController.m */,
				08C50B1B1CD236A100D3596B /* XGNotesController.xib */,
			);
			name = XG_Notes;
			path = Classes/XG_Notes;
			sourceTree = "<group>";
		};
		08E9C4001CD1FCD200D9C055 /* images */ = {
			isa = PBXGroup;
			children = (
				08E9C4031CD1FDB500D9C055 /* maincell_back@2x.png */,
			);
			name = images;
			sourceTree = "<group>";
		};
		08E9C4051CD200E500D9C055 /* HtmlParserAndBuilding */ = {
			isa = PBXGroup;
			children = (
				08E9C4081CD200E500D9C055 /* NSTextAttachmentURL.h */,
				08E9C4091CD200E500D9C055 /* NSTextAttachmentURL.m */,
				08C50B271CD23C6600D3596B /* XGHtmlParser.h */,
				08C50B281CD23C6600D3596B /* XGHtmlParser.m */,
				08C50B2A1CD23D6300D3596B /* XGHtmlBuilder.h */,
				08C50B2B1CD23D6300D3596B /* XGHtmlBuilder.m */,
			);
			path = HtmlParserAndBuilding;
			sourceTree = "<group>";
		};
		08E9C4131CD200E500D9C055 /* SaveAndRead */ = {
			isa = PBXGroup;
			children = (
				08C50B211CD2383E00D3596B /* XGNotesStore.h */,
				08C50B221CD2383E00D3596B /* XGNotesStore.m */,
				08C50B241CD238F900D3596B /* XGNotesDataModel.h */,
				08C50B251CD238F900D3596B /* XGNotesDataModel.m */,
			);
			path = SaveAndRead;
			sourceTree = "<group>";
		};
		08E9C42A1CD2046300D9C055 /* Framework */ = {
			isa = PBXGroup;
			children = (
				08C50B0B1CD233DE00D3596B /* MBProgressHUD */,
				08E9C4761CD2077B00D9C055 /* HtmlParser */,
				08E9C4361CD2048900D9C055 /* SDWebImage */,
				08E9C42B1CD2047E00D9C055 /* TMCache */,
			);
			name = Framework;
			sourceTree = "<group>";
		};
		08E9C42B1CD2047E00D9C055 /* TMCache */ = {
			isa = PBXGroup;
			children = (
				08E9C42C1CD2047E00D9C055 /* TMCache.h */,
				08E9C42D1CD2047E00D9C055 /* TMCache.m */,
				08E9C42E1CD2047E00D9C055 /* TMCacheBackgroundTaskManager.h */,
				08E9C42F1CD2047E00D9C055 /* TMDiskCache.h */,
				08E9C4301CD2047E00D9C055 /* TMDiskCache.m */,
				08E9C4311CD2047E00D9C055 /* TMMemoryCache.h */,
				08E9C4321CD2047E00D9C055 /* TMMemoryCache.m */,
			);
			path = TMCache;
			sourceTree = "<group>";
		};
		08E9C4361CD2048900D9C055 /* SDWebImage */ = {
			isa = PBXGroup;
			children = (
				08E9C4371CD2048900D9C055 /* MKAnnotationView+WebCache.h */,
				08E9C4381CD2048900D9C055 /* MKAnnotationView+WebCache.m */,
				08E9C4391CD2048900D9C055 /* NSData+GIF.h */,
				08E9C43A1CD2048900D9C055 /* NSData+GIF.m */,
				08E9C43B1CD2048900D9C055 /* NSData+ImageContentType.h */,
				08E9C43C1CD2048900D9C055 /* NSData+ImageContentType.m */,
				08E9C43D1CD2048900D9C055 /* SDImageCache.h */,
				08E9C43E1CD2048900D9C055 /* SDImageCache.m */,
				08E9C43F1CD2048900D9C055 /* SDWebImageCompat.h */,
				08E9C4401CD2048900D9C055 /* SDWebImageCompat.m */,
				08E9C4411CD2048900D9C055 /* SDWebImageDecoder.h */,
				08E9C4421CD2048900D9C055 /* SDWebImageDecoder.m */,
				08E9C4431CD2048900D9C055 /* SDWebImageDownloader.h */,
				08E9C4441CD2048900D9C055 /* SDWebImageDownloader.m */,
				08E9C4451CD2048900D9C055 /* SDWebImageDownloaderOperation.h */,
				08E9C4461CD2048900D9C055 /* SDWebImageDownloaderOperation.m */,
				08E9C4471CD2048900D9C055 /* SDWebImageManager+MJ.h */,
				08E9C4481CD2048900D9C055 /* SDWebImageManager+MJ.m */,
				08E9C4491CD2048900D9C055 /* SDWebImageManager.h */,
				08E9C44A1CD2048900D9C055 /* SDWebImageManager.m */,
				08E9C44B1CD2048900D9C055 /* SDWebImageOperation.h */,
				08E9C44C1CD2048900D9C055 /* SDWebImagePrefetcher.h */,
				08E9C44D1CD2048900D9C055 /* SDWebImagePrefetcher.m */,
				08E9C44E1CD2048900D9C055 /* UIButton+WebCache.h */,
				08E9C44F1CD2048900D9C055 /* UIButton+WebCache.m */,
				08E9C4501CD2048900D9C055 /* UIImage+GIF.h */,
				08E9C4511CD2048900D9C055 /* UIImage+GIF.m */,
				08E9C4521CD2048900D9C055 /* UIImage+MultiFormat.h */,
				08E9C4531CD2048900D9C055 /* UIImage+MultiFormat.m */,
				08E9C4541CD2048900D9C055 /* UIImage+WebP.h */,
				08E9C4551CD2048900D9C055 /* UIImage+WebP.m */,
				08E9C4561CD2048900D9C055 /* UIImageView+HighlightedWebCache.h */,
				08E9C4571CD2048900D9C055 /* UIImageView+HighlightedWebCache.m */,
				08E9C4581CD2048900D9C055 /* UIImageView+MJWebCache.h */,
				08E9C4591CD2048900D9C055 /* UIImageView+MJWebCache.m */,
				08E9C45A1CD2048900D9C055 /* UIImageView+WebCache.h */,
				08E9C45B1CD2048900D9C055 /* UIImageView+WebCache.m */,
				08E9C45C1CD2048900D9C055 /* UIView+WebCacheOperation.h */,
				08E9C45D1CD2048900D9C055 /* UIView+WebCacheOperation.m */,
				08E9C45E1CD2048900D9C055 /* WebP.framework */,
			);
			path = SDWebImage;
			sourceTree = "<group>";
		};
		08E9C4761CD2077B00D9C055 /* HtmlParser */ = {
			isa = PBXGroup;
			children = (
				08E9C4771CD2077B00D9C055 /* HTMLNode.h */,
				08E9C4781CD2077B00D9C055 /* HTMLNode.m */,
				08E9C4791CD2077B00D9C055 /* HTMLParser.h */,
				08E9C47A1CD2077B00D9C055 /* HTMLParser.m */,
			);
			path = HtmlParser;
			sourceTree = "<group>";
		};
/* End PBXGroup section */

/* Begin PBXNativeTarget section */
		08E97B491CD1E6ED0031945C /* XG_Notes */ = {
			isa = PBXNativeTarget;
			buildConfigurationList = 08E97B771CD1E6EE0031945C /* Build configuration list for PBXNativeTarget "XG_Notes" */;
			buildPhases = (
				08E97B461CD1E6ED0031945C /* Sources */,
				08E97B471CD1E6ED0031945C /* Frameworks */,
				08E97B481CD1E6ED0031945C /* Resources */,
			);
			buildRules = (
			);
			dependencies = (
			);
			name = XG_Notes;
			productName = XG_Notes;
			productReference = 08E97B4A1CD1E6ED0031945C /* XG_Notes.app */;
			productType = "com.apple.product-type.application";
		};
		08E97B621CD1E6EE0031945C /* XG_NotesTests */ = {
			isa = PBXNativeTarget;
			buildConfigurationList = 08E97B7A1CD1E6EE0031945C /* Build configuration list for PBXNativeTarget "XG_NotesTests" */;
			buildPhases = (
				08E97B5F1CD1E6EE0031945C /* Sources */,
				08E97B601CD1E6EE0031945C /* Frameworks */,
				08E97B611CD1E6EE0031945C /* Resources */,
			);
			buildRules = (
			);
			dependencies = (
				08E97B651CD1E6EE0031945C /* PBXTargetDependency */,
			);
			name = XG_NotesTests;
			productName = XG_NotesTests;
			productReference = 08E97B631CD1E6EE0031945C /* XG_NotesTests.xctest */;
			productType = "com.apple.product-type.bundle.unit-test";
		};
		08E97B6D1CD1E6EE0031945C /* XG_NotesUITests */ = {
			isa = PBXNativeTarget;
			buildConfigurationList = 08E97B7D1CD1E6EE0031945C /* Build configuration list for PBXNativeTarget "XG_NotesUITests" */;
			buildPhases = (
				08E97B6A1CD1E6EE0031945C /* Sources */,
				08E97B6B1CD1E6EE0031945C /* Frameworks */,
				08E97B6C1CD1E6EE0031945C /* Resources */,
			);
			buildRules = (
			);
			dependencies = (
				08E97B701CD1E6EE0031945C /* PBXTargetDependency */,
			);
			name = XG_NotesUITests;
			productName = XG_NotesUITests;
			productReference = 08E97B6E1CD1E6EE0031945C /* XG_NotesUITests.xctest */;
			productType = "com.apple.product-type.bundle.ui-testing";
		};
/* End PBXNativeTarget section */

/* Begin PBXProject section */
		08E97B421CD1E6ED0031945C /* Project object */ = {
			isa = PBXProject;
			attributes = {
				LastUpgradeCheck = 0730;
				ORGANIZATIONNAME = XiaoGang;
				TargetAttributes = {
					08E97B491CD1E6ED0031945C = {
						CreatedOnToolsVersion = 7.3;
					};
					08E97B621CD1E6EE0031945C = {
						CreatedOnToolsVersion = 7.3;
						TestTargetID = 08E97B491CD1E6ED0031945C;
					};
					08E97B6D1CD1E6EE0031945C = {
						CreatedOnToolsVersion = 7.3;
						TestTargetID = 08E97B491CD1E6ED0031945C;
					};
				};
			};
			buildConfigurationList = 08E97B451CD1E6ED0031945C /* Build configuration list for PBXProject "XG_Notes" */;
			compatibilityVersion = "Xcode 3.2";
			developmentRegion = English;
			hasScannedForEncodings = 0;
			knownRegions = (
				en,
				Base,
			);
			mainGroup = 08E97B411CD1E6ED0031945C;
			productRefGroup = 08E97B4B1CD1E6ED0031945C /* Products */;
			projectDirPath = "";
			projectRoot = "";
			targets = (
				08E97B491CD1E6ED0031945C /* XG_Notes */,
				08E97B621CD1E6EE0031945C /* XG_NotesTests */,
				08E97B6D1CD1E6EE0031945C /* XG_NotesUITests */,
			);
		};
/* End PBXProject section */

/* Begin PBXResourcesBuildPhase section */
		08E97B481CD1E6ED0031945C /* Resources */ = {
			isa = PBXResourcesBuildPhase;
			buildActionMask = 2147483647;
			files = (
				08E97B9D1CD1F3F40031945C /* MainPageCell.xib in Resources */,
				08E97B5A1CD1E6ED0031945C /* Assets.xcassets in Resources */,
				08E9C4041CD1FDB500D9C055 /* maincell_back@2x.png in Resources */,
				08E97B9F1CD1F3F40031945C /* MainPageController.xib in Resources */,
				08C50B1D1CD236A100D3596B /* XGNotesController.xib in Resources */,
				08C50B121CD233DE00D3596B /* MBProgressHUD.bundle in Resources */,
			);
			runOnlyForDeploymentPostprocessing = 0;
		};
		08E97B611CD1E6EE0031945C /* Resources */ = {
			isa = PBXResourcesBuildPhase;
			buildActionMask = 2147483647;
			files = (
			);
			runOnlyForDeploymentPostprocessing = 0;
		};
		08E97B6C1CD1E6EE0031945C /* Resources */ = {
			isa = PBXResourcesBuildPhase;
			buildActionMask = 2147483647;
			files = (
			);
			runOnlyForDeploymentPostprocessing = 0;
		};
/* End PBXResourcesBuildPhase section */

/* Begin PBXSourcesBuildPhase section */
		08E97B461CD1E6ED0031945C /* Sources */ = {
			isa = PBXSourcesBuildPhase;
			buildActionMask = 2147483647;
			files = (
				08E9C4651CD2048900D9C055 /* SDWebImageDownloader.m in Sources */,
				08E97B9E1CD1F3F40031945C /* MainPageController.m in Sources */,
				08E9C46E1CD2048900D9C055 /* UIImageView+HighlightedWebCache.m in Sources */,
				08E9C4701CD2048900D9C055 /* UIImageView+WebCache.m in Sources */,
				08E9C4341CD2047E00D9C055 /* TMDiskCache.m in Sources */,
				08E9C4681CD2048900D9C055 /* SDWebImageManager.m in Sources */,
				08E9C4331CD2047E00D9C055 /* TMCache.m in Sources */,
				08E9C4671CD2048900D9C055 /* SDWebImageManager+MJ.m in Sources */,
				08C50B1C1CD236A100D3596B /* XGNotesController.m in Sources */,
				08E9C4691CD2048900D9C055 /* SDWebImagePrefetcher.m in Sources */,
				08C50B291CD23C6600D3596B /* XGHtmlParser.m in Sources */,
				08E9C47C1CD2077B00D9C055 /* HTMLParser.m in Sources */,
				08C50B2C1CD23D6300D3596B /* XGHtmlBuilder.m in Sources */,
				08E9C4351CD2047E00D9C055 /* TMMemoryCache.m in Sources */,
				08E9C46B1CD2048900D9C055 /* UIImage+GIF.m in Sources */,
				08E9C46D1CD2048900D9C055 /* UIImage+WebP.m in Sources */,
				08C50B261CD238F900D3596B /* XGNotesDataModel.m in Sources */,
				08E9C4711CD2048900D9C055 /* UIView+WebCacheOperation.m in Sources */,
				08C50B111CD233DE00D3596B /* MBProgressHUD+Add.m in Sources */,
				08E9C41F1CD200E500D9C055 /* NSTextAttachmentURL.m in Sources */,
				08E97B521CD1E6ED0031945C /* AppDelegate.m in Sources */,
				08E97B4F1CD1E6ED0031945C /* main.m in Sources */,
				08C50B131CD233DE00D3596B /* MBProgressHUD.m in Sources */,
				08E9C46F1CD2048900D9C055 /* UIImageView+MJWebCache.m in Sources */,
				08E9C4611CD2048900D9C055 /* NSData+ImageContentType.m in Sources */,
				08E9C4601CD2048900D9C055 /* NSData+GIF.m in Sources */,
				08E9C4641CD2048900D9C055 /* SDWebImageDecoder.m in Sources */,
				08E9C46C1CD2048900D9C055 /* UIImage+MultiFormat.m in Sources */,
				08C50B231CD2383E00D3596B /* XGNotesStore.m in Sources */,
				08E9C46A1CD2048900D9C055 /* UIButton+WebCache.m in Sources */,
				08E9C4661CD2048900D9C055 /* SDWebImageDownloaderOperation.m in Sources */,
				08E9C45F1CD2048900D9C055 /* MKAnnotationView+WebCache.m in Sources */,
				08E97BA31CD1F6DC0031945C /* XGUtils.m in Sources */,
				08E9C47B1CD2077B00D9C055 /* HTMLNode.m in Sources */,
				08E97B9C1CD1F3F40031945C /* MainPageCell.m in Sources */,
				08E9C4631CD2048900D9C055 /* SDWebImageCompat.m in Sources */,
				08C50B201CD2378E00D3596B /* XGTextView.m in Sources */,
				08E9C4621CD2048900D9C055 /* SDImageCache.m in Sources */,
			);
			runOnlyForDeploymentPostprocessing = 0;
		};
		08E97B5F1CD1E6EE0031945C /* Sources */ = {
			isa = PBXSourcesBuildPhase;
			buildActionMask = 2147483647;
			files = (
				08E97B681CD1E6EE0031945C /* XG_NotesTests.m in Sources */,
			);
			runOnlyForDeploymentPostprocessing = 0;
		};
		08E97B6A1CD1E6EE0031945C /* Sources */ = {
			isa = PBXSourcesBuildPhase;
			buildActionMask = 2147483647;
			files = (
				08E97B731CD1E6EE0031945C /* XG_NotesUITests.m in Sources */,
			);
			runOnlyForDeploymentPostprocessing = 0;
		};
/* End PBXSourcesBuildPhase section */

/* Begin PBXTargetDependency section */
		08E97B651CD1E6EE0031945C /* PBXTargetDependency */ = {
			isa = PBXTargetDependency;
			target = 08E97B491CD1E6ED0031945C /* XG_Notes */;
			targetProxy = 08E97B641CD1E6EE0031945C /* PBXContainerItemProxy */;
		};
		08E97B701CD1E6EE0031945C /* PBXTargetDependency */ = {
			isa = PBXTargetDependency;
			target = 08E97B491CD1E6ED0031945C /* XG_Notes */;
			targetProxy = 08E97B6F1CD1E6EE0031945C /* PBXContainerItemProxy */;
		};
/* End PBXTargetDependency section */

/* Begin XCBuildConfiguration section */
		08E97B751CD1E6EE0031945C /* Debug */ = {
			isa = XCBuildConfiguration;
			buildSettings = {
				ALWAYS_SEARCH_USER_PATHS = NO;
				CLANG_ANALYZER_NONNULL = YES;
				CLANG_CXX_LANGUAGE_STANDARD = "gnu++0x";
				CLANG_CXX_LIBRARY = "libc++";
				CLANG_ENABLE_MODULES = YES;
				CLANG_ENABLE_OBJC_ARC = YES;
				CLANG_WARN_BOOL_CONVERSION = YES;
				CLANG_WARN_CONSTANT_CONVERSION = YES;
				CLANG_WARN_DIRECT_OBJC_ISA_USAGE = YES_ERROR;
				CLANG_WARN_EMPTY_BODY = YES;
				CLANG_WARN_ENUM_CONVERSION = YES;
				CLANG_WARN_INT_CONVERSION = YES;
				CLANG_WARN_OBJC_ROOT_CLASS = YES_ERROR;
				CLANG_WARN_UNREACHABLE_CODE = YES;
				CLANG_WARN__DUPLICATE_METHOD_MATCH = YES;
				"CODE_SIGN_IDENTITY[sdk=iphoneos*]" = "iPhone Developer";
				COPY_PHASE_STRIP = NO;
				DEBUG_INFORMATION_FORMAT = dwarf;
				ENABLE_STRICT_OBJC_MSGSEND = YES;
				ENABLE_TESTABILITY = YES;
				GCC_C_LANGUAGE_STANDARD = gnu99;
				GCC_DYNAMIC_NO_PIC = NO;
				GCC_NO_COMMON_BLOCKS = YES;
				GCC_OPTIMIZATION_LEVEL = 0;
				GCC_PREPROCESSOR_DEFINITIONS = (
					"DEBUG=1",
					"$(inherited)",
				);
				GCC_WARN_64_TO_32_BIT_CONVERSION = YES;
				GCC_WARN_ABOUT_RETURN_TYPE = YES_ERROR;
				GCC_WARN_UNDECLARED_SELECTOR = YES;
				GCC_WARN_UNINITIALIZED_AUTOS = YES_AGGRESSIVE;
				GCC_WARN_UNUSED_FUNCTION = YES;
				GCC_WARN_UNUSED_VARIABLE = YES;
				IPHONEOS_DEPLOYMENT_TARGET = 9.3;
				MTL_ENABLE_DEBUG_INFO = YES;
				ONLY_ACTIVE_ARCH = YES;
				SDKROOT = iphoneos;
			};
			name = Debug;
		};
		08E97B761CD1E6EE0031945C /* Release */ = {
			isa = XCBuildConfiguration;
			buildSettings = {
				ALWAYS_SEARCH_USER_PATHS = NO;
				CLANG_ANALYZER_NONNULL = YES;
				CLANG_CXX_LANGUAGE_STANDARD = "gnu++0x";
				CLANG_CXX_LIBRARY = "libc++";
				CLANG_ENABLE_MODULES = YES;
				CLANG_ENABLE_OBJC_ARC = YES;
				CLANG_WARN_BOOL_CONVERSION = YES;
				CLANG_WARN_CONSTANT_CONVERSION = YES;
				CLANG_WARN_DIRECT_OBJC_ISA_USAGE = YES_ERROR;
				CLANG_WARN_EMPTY_BODY = YES;
				CLANG_WARN_ENUM_CONVERSION = YES;
				CLANG_WARN_INT_CONVERSION = YES;
				CLANG_WARN_OBJC_ROOT_CLASS = YES_ERROR;
				CLANG_WARN_UNREACHABLE_CODE = YES;
				CLANG_WARN__DUPLICATE_METHOD_MATCH = YES;
				"CODE_SIGN_IDENTITY[sdk=iphoneos*]" = "iPhone Developer";
				COPY_PHASE_STRIP = NO;
				DEBUG_INFORMATION_FORMAT = "dwarf-with-dsym";
				ENABLE_NS_ASSERTIONS = NO;
				ENABLE_STRICT_OBJC_MSGSEND = YES;
				GCC_C_LANGUAGE_STANDARD = gnu99;
				GCC_NO_COMMON_BLOCKS = YES;
				GCC_WARN_64_TO_32_BIT_CONVERSION = YES;
				GCC_WARN_ABOUT_RETURN_TYPE = YES_ERROR;
				GCC_WARN_UNDECLARED_SELECTOR = YES;
				GCC_WARN_UNINITIALIZED_AUTOS = YES_AGGRESSIVE;
				GCC_WARN_UNUSED_FUNCTION = YES;
				GCC_WARN_UNUSED_VARIABLE = YES;
				IPHONEOS_DEPLOYMENT_TARGET = 9.3;
				MTL_ENABLE_DEBUG_INFO = NO;
				SDKROOT = iphoneos;
				VALIDATE_PRODUCT = YES;
			};
			name = Release;
		};
		08E97B781CD1E6EE0031945C /* Debug */ = {
			isa = XCBuildConfiguration;
			buildSettings = {
				ASSETCATALOG_COMPILER_APPICON_NAME = AppIcon;
				CODE_SIGN_IDENTITY = "iPhone Developer";
				"CODE_SIGN_IDENTITY[sdk=iphoneos*]" = "iPhone Developer: Shaoxiong Huang (2387W2W2TW)";
				FRAMEWORK_SEARCH_PATHS = (
					"$(inherited)",
					"$(PROJECT_DIR)/SDWebImage",
				);
				HEADER_SEARCH_PATHS = "${SDK_DIR}/usr/include/libxml2";
				INFOPLIST_FILE = XG_Notes/Info.plist;
				LD_RUNPATH_SEARCH_PATHS = "$(inherited) @executable_path/Frameworks";
				OTHER_LDFLAGS = "-lxml2";
				PRODUCT_BUNDLE_IDENTIFIER = com.jxg.test;
				PRODUCT_NAME = "$(TARGET_NAME)";
				PROVISIONING_PROFILE = "04668b1e-e470-4c90-9dbd-e87710821d74";
			};
			name = Debug;
		};
		08E97B791CD1E6EE0031945C /* Release */ = {
			isa = XCBuildConfiguration;
			buildSettings = {
				ASSETCATALOG_COMPILER_APPICON_NAME = AppIcon;
				CODE_SIGN_IDENTITY = "iPhone Developer";
				"CODE_SIGN_IDENTITY[sdk=iphoneos*]" = "iPhone Developer: Shaoxiong Huang (2387W2W2TW)";
				FRAMEWORK_SEARCH_PATHS = (
					"$(inherited)",
					"$(PROJECT_DIR)/SDWebImage",
				);
				HEADER_SEARCH_PATHS = "${SDK_DIR}/usr/include/libxml2";
				INFOPLIST_FILE = XG_Notes/Info.plist;
				LD_RUNPATH_SEARCH_PATHS = "$(inherited) @executable_path/Frameworks";
				OTHER_LDFLAGS = "-lxml2";
				PRODUCT_BUNDLE_IDENTIFIER = com.jxg.test;
				PRODUCT_NAME = "$(TARGET_NAME)";
				PROVISIONING_PROFILE = "04668b1e-e470-4c90-9dbd-e87710821d74";
			};
			name = Release;
		};
		08E97B7B1CD1E6EE0031945C /* Debug */ = {
			isa = XCBuildConfiguration;
			buildSettings = {
				BUNDLE_LOADER = "$(TEST_HOST)";
				INFOPLIST_FILE = XG_NotesTests/Info.plist;
				LD_RUNPATH_SEARCH_PATHS = "$(inherited) @executable_path/Frameworks @loader_path/Frameworks";
				PRODUCT_BUNDLE_IDENTIFIER = "com.jxg.test.XG-NotesTests";
				PRODUCT_NAME = "$(TARGET_NAME)";
				TEST_HOST = "$(BUILT_PRODUCTS_DIR)/XG_Notes.app/XG_Notes";
			};
			name = Debug;
		};
		08E97B7C1CD1E6EE0031945C /* Release */ = {
			isa = XCBuildConfiguration;
			buildSettings = {
				BUNDLE_LOADER = "$(TEST_HOST)";
				INFOPLIST_FILE = XG_NotesTests/Info.plist;
				LD_RUNPATH_SEARCH_PATHS = "$(inherited) @executable_path/Frameworks @loader_path/Frameworks";
				PRODUCT_BUNDLE_IDENTIFIER = "com.jxg.test.XG-NotesTests";
				PRODUCT_NAME = "$(TARGET_NAME)";
				TEST_HOST = "$(BUILT_PRODUCTS_DIR)/XG_Notes.app/XG_Notes";
			};
			name = Release;
		};
		08E97B7E1CD1E6EE0031945C /* Debug */ = {
			isa = XCBuildConfiguration;
			buildSettings = {
				INFOPLIST_FILE = XG_NotesUITests/Info.plist;
				LD_RUNPATH_SEARCH_PATHS = "$(inherited) @executable_path/Frameworks @loader_path/Frameworks";
				PRODUCT_BUNDLE_IDENTIFIER = "com.jxg.test.XG-NotesUITests";
				PRODUCT_NAME = "$(TARGET_NAME)";
				TEST_TARGET_NAME = XG_Notes;
			};
			name = Debug;
		};
		08E97B7F1CD1E6EE0031945C /* Release */ = {
			isa = XCBuildConfiguration;
			buildSettings = {
				INFOPLIST_FILE = XG_NotesUITests/Info.plist;
				LD_RUNPATH_SEARCH_PATHS = "$(inherited) @executable_path/Frameworks @loader_path/Frameworks";
				PRODUCT_BUNDLE_IDENTIFIER = "com.jxg.test.XG-NotesUITests";
				PRODUCT_NAME = "$(TARGET_NAME)";
				TEST_TARGET_NAME = XG_Notes;
			};
			name = Release;
		};
/* End XCBuildConfiguration section */

/* Begin XCConfigurationList section */
		08E97B451CD1E6ED0031945C /* Build configuration list for PBXProject "XG_Notes" */ = {
			isa = XCConfigurationList;
			buildConfigurations = (
				08E97B751CD1E6EE0031945C /* Debug */,
				08E97B761CD1E6EE0031945C /* Release */,
			);
			defaultConfigurationIsVisible = 0;
			defaultConfigurationName = Release;
		};
		08E97B771CD1E6EE0031945C /* Build configuration list for PBXNativeTarget "XG_Notes" */ = {
			isa = XCConfigurationList;
			buildConfigurations = (
				08E97B781CD1E6EE0031945C /* Debug */,
				08E97B791CD1E6EE0031945C /* Release */,
			);
			defaultConfigurationIsVisible = 0;
			defaultConfigurationName = Release;
		};
		08E97B7A1CD1E6EE0031945C /* Build configuration list for PBXNativeTarget "XG_NotesTests" */ = {
			isa = XCConfigurationList;
			buildConfigurations = (
				08E97B7B1CD1E6EE0031945C /* Debug */,
				08E97B7C1CD1E6EE0031945C /* Release */,
			);
			defaultConfigurationIsVisible = 0;
			defaultConfigurationName = Release;
		};
		08E97B7D1CD1E6EE0031945C /* Build configuration list for PBXNativeTarget "XG_NotesUITests" */ = {
			isa = XCConfigurationList;
			buildConfigurations = (
				08E97B7E1CD1E6EE0031945C /* Debug */,
				08E97B7F1CD1E6EE0031945C /* Release */,
			);
			defaultConfigurationIsVisible = 0;
			defaultConfigurationName = Release;
		};
/* End XCConfigurationList section */
	};
	rootObject = 08E97B421CD1E6ED0031945C /* Project object */;
}
